
Microsoft Visual Studio Solution File, Format Version 12.00
# Visual Studio Version 17
VisualStudioVersion = 17.9.34728.123
MinimumVisualStudioVersion = 10.0.40219.1
Project("{9A19103F-16F7-4668-BE54-9A1E7A4F7556}") = "AplicProduto.Data", "src\AplicProduto.Data\AplicProduto.Data.csproj", "{77A73843-B17B-4620-B16F-097E3E39415E}"
EndProject
Project("{9A19103F-16F7-4668-BE54-9A1E7A4F7556}") = "AplicProduto.Business", "src\AplicProduto.Business\AplicProduto.Business.csproj", "{1A682811-0A1E-4BEB-AD16-FB556EDBE6D2}"
EndProject
Project("{FAE04EC0-301F-11D3-BF4B-00C04F79EFBC}") = "AplicProduto.Api", "src\AplicProduto.Api\AplicProduto.Api.csproj", "{37C2FF69-852C-4B24-96D9-96A6AFFD6DA1}"
EndProject
Global
	GlobalSection(SolutionConfigurationPlatforms) = preSolution
		Debug|Any CPU = Debug|Any CPU
		Release|Any CPU = Release|Any CPU
	EndGlobalSection
	GlobalSection(ProjectConfigurationPlatforms) = postSolution
		{77A73843-B17B-4620-B16F-097E3E39415E}.Debug|Any CPU.ActiveCfg = Debug|Any CPU
		{77A73843-B17B-4620-B16F-097E3E39415E}.Debug|Any CPU.Build.0 = Debug|Any CPU
		{77A73843-B17B-4620-B16F-097E3E39415E}.Release|Any CPU.ActiveCfg = Release|Any CPU
		{77A73843-B17B-4620-B16F-097E3E39415E}.Release|Any CPU.Build.0 = Release|Any CPU
		{1A682811-0A1E-4BEB-AD16-FB556EDBE6D2}.Debug|Any CPU.ActiveCfg = Debug|Any CPU
		{1A682811-0A1E-4BEB-AD16-FB556EDBE6D2}.Debug|Any CPU.Build.0 = Debug|Any CPU
		{1A682811-0A1E-4BEB-AD16-FB556EDBE6D2}.Release|Any CPU.ActiveCfg = Release|Any CPU
		{1A682811-0A1E-4BEB-AD16-FB556EDBE6D2}.Release|Any CPU.Build.0 = Release|Any CPU
		{37C2FF69-852C-4B24-96D9-96A6AFFD6DA1}.Debug|Any CPU.ActiveCfg = Debug|Any CPU
		{37C2FF69-852C-4B24-96D9-96A6AFFD6DA1}.Debug|Any CPU.Build.0 = Debug|Any CPU
		{37C2FF69-852C-4B24-96D9-96A6AFFD6DA1}.Release|Any CPU.ActiveCfg = Release|Any CPU
		{37C2FF69-852C-4B24-96D9-96A6AFFD6DA1}.Release|Any CPU.Build.0 = Release|Any CPU
	EndGlobalSection
	GlobalSection(SolutionProperties) = preSolution
		HideSolutionNode = FALSE
	EndGlobalSection
	GlobalSection(ExtensibilityGlobals) = postSolution
		SolutionGuid = {F3866B6E-3702-4F03-AEF5-35C9C8C12A1A}
	EndGlobalSection
EndGlobal
